
Microsoft Visual Studio Solution File, Format Version 12.00
# Visual Studio Version 16
VisualStudioVersion = 16.0.30011.22
MinimumVisualStudioVersion = 10.0.40219.1
Project("{FAE04EC0-301F-11D3-BF4B-00C04F79EFBC}") = "GuestPortal", "GuestPortal\GuestPortal.csproj", "{EC6CCE26-4C04-48B5-B208-E743EC68C359}"
EndProject
Global
	GlobalSection(SolutionConfigurationPlatforms) = preSolution
		Debug|Any CPU = Debug|Any CPU
		Release|Any CPU = Release|Any CPU
	EndGlobalSection
	GlobalSection(ProjectConfigurationPlatforms) = postSolution
		{EC6CCE26-4C04-48B5-B208-E743EC68C359}.Debug|Any CPU.ActiveCfg = Debug|Any CPU
		{EC6CCE26-4C04-48B5-B208-E743EC68C359}.Debug|Any CPU.Build.0 = Debug|Any CPU
		{EC6CCE26-4C04-48B5-B208-E743EC68C359}.Release|Any CPU.ActiveCfg = Release|Any CPU
		{EC6CCE26-4C04-48B5-B208-E743EC68C359}.Release|Any CPU.Build.0 = Release|Any CPU
	EndGlobalSection
	GlobalSection(SolutionProperties) = preSolution
		HideSolutionNode = FALSE
	EndGlobalSection
	GlobalSection(ExtensibilityGlobals) = postSolution
		SolutionGuid = {4B606D81-F93D-455E-B429-2884D8950372}
	EndGlobalSection
	GlobalSection(TeamFoundationVersionControl) = preSolution
		SccNumberOfProjects = 2
		SccEnterpriseProvider = {4CA58AB2-18FA-4F8D-95D4-32DDF27D184C}
		SccTeamFoundationServer = https://dev.azure.com/saavybusiness
		SccLocalPath0 = .
		SccProjectUniqueName1 = GuestPortal\\GuestPortal.csproj
		SccProjectName1 = GuestPortal
		SccLocalPath1 = GuestPortal
	EndGlobalSection
EndGlobal
